
Microsoft Visual Studio Solution File, Format Version 12.00
# Visual Studio Version 17
VisualStudioVersion = 17.14.36915.13 d17.14
MinimumVisualStudioVersion = 10.0.40219.1
Project("{FAE04EC0-301F-11D3-BF4B-00C04F79EFBC}") = "LearningBinding", "LearningBinding\LearningBinding.csproj", "{0EDA2355-A431-4F7F-B4F2-57E0BE753064}"
EndProject
Global
	GlobalSection(SolutionConfigurationPlatforms) = preSolution
		Debug|Any CPU = Debug|Any CPU
		Release|Any CPU = Release|Any CPU
	EndGlobalSection
	GlobalSection(ProjectConfigurationPlatforms) = postSolution
		{0EDA2355-A431-4F7F-B4F2-57E0BE753064}.Debug|Any CPU.ActiveCfg = Debug|Any CPU
		{0EDA2355-A431-4F7F-B4F2-57E0BE753064}.Debug|Any CPU.Build.0 = Debug|Any CPU
		{0EDA2355-A431-4F7F-B4F2-57E0BE753064}.Release|Any CPU.ActiveCfg = Release|Any CPU
		{0EDA2355-A431-4F7F-B4F2-57E0BE753064}.Release|Any CPU.Build.0 = Release|Any CPU
	EndGlobalSection
	GlobalSection(SolutionProperties) = preSolution
		HideSolutionNode = FALSE
	EndGlobalSection
	GlobalSection(ExtensibilityGlobals) = postSolution
		SolutionGuid = {7F78D51E-E268-4646-A96C-2D56CDD1D8E9}
	EndGlobalSection
EndGlobal
